// !$*UTF8*$!
{
	archiveVersion = 1;
	classes = {
	};
	objectVersion = 77;
	objects = {

/* Begin PBXBuildFile section */
		C42918162E72D7C4004C1F25 /* WidgetKit.framework in Frameworks */ = {isa = PBXBuildFile; fileRef = C42918152E72D7C4004C1F25 /* WidgetKit.framework */; };
		C42918182E72D7C4004C1F25 /* SwiftUI.framework in Frameworks */ = {isa = PBXBuildFile; fileRef = C42918172E72D7C4004C1F25 /* SwiftUI.framework */; };
		C42918232E72D7C6004C1F25 /* HiCalendarWidgetExtension.appex in Embed Foundation Extensions */ = {isa = PBXBuildFile; fileRef = C42918142E72D7C4004C1F25 /* HiCalendarWidgetExtension.appex */; settings = {ATTRIBUTES = (RemoveHeadersOnCopy, ); }; };
		C44802992E5DECCF001198CD /* Supabase in Frameworks */ = {isa = PBXBuildFile; productRef = C44802982E5DECCF001198CD /* Supabase */; };
		C45833CA2E781A4800B44180 /* HiCalendar.storekit in Resources */ = {isa = PBXBuildFile; fileRef = C45833C92E781A4800B44180 /* HiCalendar.storekit */; };
		C486A5F82E55D5E400E034A4 /* Auth in Frameworks */ = {isa = PBXBuildFile; productRef = C486A5F72E55D5E400E034A4 /* Auth */; };
		C486A5FA2E55D5E400E034A4 /* Functions in Frameworks */ = {isa = PBXBuildFile; productRef = C486A5F92E55D5E400E034A4 /* Functions */; };
/* End PBXBuildFile section */

/* Begin PBXContainerItemProxy section */
		C42918212E72D7C6004C1F25 /* PBXContainerItemProxy */ = {
			isa = PBXContainerItemProxy;
			containerPortal = C4661A722E45ABC2006E02C6 /* Project object */;
			proxyType = 1;
			remoteGlobalIDString = C42918132E72D7C4004C1F25;
			remoteInfo = HiCalendarWidgetExtension;
		};
		C4661A8A2E45ABC5006E02C6 /* PBXContainerItemProxy */ = {
			isa = PBXContainerItemProxy;
			containerPortal = C4661A722E45ABC2006E02C6 /* Project object */;
			proxyType = 1;
			remoteGlobalIDString = C4661A792E45ABC2006E02C6;
			remoteInfo = HiCalendar;
		};
		C4661A942E45ABC5006E02C6 /* PBXContainerItemProxy */ = {
			isa = PBXContainerItemProxy;
			containerPortal = C4661A722E45ABC2006E02C6 /* Project object */;
			proxyType = 1;
			remoteGlobalIDString = C4661A792E45ABC2006E02C6;
			remoteInfo = HiCalendar;
		};
/* End PBXContainerItemProxy section */

/* Begin PBXCopyFilesBuildPhase section */
		C42918242E72D7C6004C1F25 /* Embed Foundation Extensions */ = {
			isa = PBXCopyFilesBuildPhase;
			buildActionMask = 2147483647;
			dstPath = "";
			dstSubfolderSpec = 13;
			files = (
				C42918232E72D7C6004C1F25 /* HiCalendarWidgetExtension.appex in Embed Foundation Extensions */,
			);
			name = "Embed Foundation Extensions";
			runOnlyForDeploymentPostprocessing = 0;
		};
/* End PBXCopyFilesBuildPhase section */

/* Begin PBXFileReference section */
		C42918142E72D7C4004C1F25 /* HiCalendarWidgetExtension.appex */ = {isa = PBXFileReference; explicitFileType = "wrapper.app-extension"; includeInIndex = 0; path = HiCalendarWidgetExtension.appex; sourceTree = BUILT_PRODUCTS_DIR; };
		C42918152E72D7C4004C1F25 /* WidgetKit.framework */ = {isa = PBXFileReference; lastKnownFileType = wrapper.framework; name = WidgetKit.framework; path = System/Library/Frameworks/WidgetKit.framework; sourceTree = SDKROOT; };
		C42918172E72D7C4004C1F25 /* SwiftUI.framework */ = {isa = PBXFileReference; lastKnownFileType = wrapper.framework; name = SwiftUI.framework; path = System/Library/Frameworks/SwiftUI.framework; sourceTree = SDKROOT; };
		C429182A2E72D9A9004C1F25 /* HiCalendarWidgetExtension.entitlements */ = {isa = PBXFileReference; lastKnownFileType = text.plist.entitlements; path = HiCalendarWidgetExtension.entitlements; sourceTree = "<group>"; };
		C45833C92E781A4800B44180 /* HiCalendar.storekit */ = {isa = PBXFileReference; lastKnownFileType = text; path = HiCalendar.storekit; sourceTree = "<group>"; };
		C4661A7A2E45ABC2006E02C6 /* HiCalendar.app */ = {isa = PBXFileReference; explicitFileType = wrapper.application; includeInIndex = 0; path = HiCalendar.app; sourceTree = BUILT_PRODUCTS_DIR; };
		C4661A892E45ABC5006E02C6 /* HiCalendarTests.xctest */ = {isa = PBXFileReference; explicitFileType = wrapper.cfbundle; includeInIndex = 0; path = HiCalendarTests.xctest; sourceTree = BUILT_PRODUCTS_DIR; };
		C4661A932E45ABC5006E02C6 /* HiCalendarUITests.xctest */ = {isa = PBXFileReference; explicitFileType = wrapper.cfbundle; includeInIndex = 0; path = HiCalendarUITests.xctest; sourceTree = BUILT_PRODUCTS_DIR; };
/* End PBXFileReference section */

/* Begin PBXFileSystemSynchronizedBuildFileExceptionSet section */
		C42918272E72D7C6004C1F25 /* Exceptions for "HiCalendarWidget" folder in "HiCalendarWidgetExtension" target */ = {
			isa = PBXFileSystemSynchronizedBuildFileExceptionSet;
			membershipExceptions = (
				Info.plist,
			);
			target = C42918132E72D7C4004C1F25 /* HiCalendarWidgetExtension */;
		};
/* End PBXFileSystemSynchronizedBuildFileExceptionSet section */

/* Begin PBXFileSystemSynchronizedRootGroup section */
		C42918192E72D7C4004C1F25 /* HiCalendarWidget */ = {
			isa = PBXFileSystemSynchronizedRootGroup;
			exceptions = (
				C42918272E72D7C6004C1F25 /* Exceptions for "HiCalendarWidget" folder in "HiCalendarWidgetExtension" target */,
			);
			path = HiCalendarWidget;
			sourceTree = "<group>";
		};
		C4661A7C2E45ABC2006E02C6 /* HiCalendar */ = {
			isa = PBXFileSystemSynchronizedRootGroup;
			path = HiCalendar;
			sourceTree = "<group>";
		};
		C4661A8C2E45ABC5006E02C6 /* HiCalendarTests */ = {
			isa = PBXFileSystemSynchronizedRootGroup;
			path = HiCalendarTests;
			sourceTree = "<group>";
		};
		C4661A962E45ABC5006E02C6 /* HiCalendarUITests */ = {
			isa = PBXFileSystemSynchronizedRootGroup;
			path = HiCalendarUITests;
			sourceTree = "<group>";
		};
/* End PBXFileSystemSynchronizedRootGroup section */

/* Begin PBXFrameworksBuildPhase section */
		C42918112E72D7C4004C1F25 /* Frameworks */ = {
			isa = PBXFrameworksBuildPhase;
			buildActionMask = 2147483647;
			files = (
				C42918182E72D7C4004C1F25 /* SwiftUI.framework in Frameworks */,
				C42918162E72D7C4004C1F25 /* WidgetKit.framework in Frameworks */,
			);
			runOnlyForDeploymentPostprocessing = 0;
		};
		C4661A772E45ABC2006E02C6 /* Frameworks */ = {
			isa = PBXFrameworksBuildPhase;
			buildActionMask = 2147483647;
			files = (
				C486A5FA2E55D5E400E034A4 /* Functions in Frameworks */,
				C486A5F82E55D5E400E034A4 /* Auth in Frameworks */,
				C44802992E5DECCF001198CD /* Supabase in Frameworks */,
			);
			runOnlyForDeploymentPostprocessing = 0;
		};
		C4661A862E45ABC5006E02C6 /* Frameworks */ = {
			isa = PBXFrameworksBuildPhase;
			buildActionMask = 2147483647;
			files = (
			);
			runOnlyForDeploymentPostprocessing = 0;
		};
		C4661A902E45ABC5006E02C6 /* Frameworks */ = {
			isa = PBXFrameworksBuildPhase;
			buildActionMask = 2147483647;
			files = (
			);
			runOnlyForDeploymentPostprocessing = 0;
		};
/* End PBXFrameworksBuildPhase section */

/* Begin PBXGroup section */
		C44802972E5DECCF001198CD /* Frameworks */ = {
			isa = PBXGroup;
			children = (
				C42918152E72D7C4004C1F25 /* WidgetKit.framework */,
				C42918172E72D7C4004C1F25 /* SwiftUI.framework */,
			);
			name = Frameworks;
			sourceTree = "<group>";
		};
		C4661A712E45ABC2006E02C6 = {
			isa = PBXGroup;
			children = (
				C45833C92E781A4800B44180 /* HiCalendar.storekit */,
				C429182A2E72D9A9004C1F25 /* HiCalendarWidgetExtension.entitlements */,
				C4661A7C2E45ABC2006E02C6 /* HiCalendar */,
				C4661A8C2E45ABC5006E02C6 /* HiCalendarTests */,
				C4661A962E45ABC5006E02C6 /* HiCalendarUITests */,
				C42918192E72D7C4004C1F25 /* HiCalendarWidget */,
				C44802972E5DECCF001198CD /* Frameworks */,
				C4661A7B2E45ABC2006E02C6 /* Products */,
			);
			sourceTree = "<group>";
		};
		C4661A7B2E45ABC2006E02C6 /* Products */ = {
			isa = PBXGroup;
			children = (
				C4661A7A2E45ABC2006E02C6 /* HiCalendar.app */,
				C4661A892E45ABC5006E02C6 /* HiCalendarTests.xctest */,
				C4661A932E45ABC5006E02C6 /* HiCalendarUITests.xctest */,
				C42918142E72D7C4004C1F25 /* HiCalendarWidgetExtension.appex */,
			);
			name = Products;
			sourceTree = "<group>";
		};
/* End PBXGroup section */

/* Begin PBXNativeTarget section */
		C42918132E72D7C4004C1F25 /* HiCalendarWidgetExtension */ = {
			isa = PBXNativeTarget;
			buildConfigurationList = C42918282E72D7C6004C1F25 /* Build configuration list for PBXNativeTarget "HiCalendarWidgetExtension" */;
			buildPhases = (
				C42918102E72D7C4004C1F25 /* Sources */,
				C42918112E72D7C4004C1F25 /* Frameworks */,
				C42918122E72D7C4004C1F25 /* Resources */,
			);
			buildRules = (
			);
			dependencies = (
			);
			fileSystemSynchronizedGroups = (
				C42918192E72D7C4004C1F25 /* HiCalendarWidget */,
			);
			name = HiCalendarWidgetExtension;
			packageProductDependencies = (
			);
			productName = HiCalendarWidgetExtension;
			productReference = C42918142E72D7C4004C1F25 /* HiCalendarWidgetExtension.appex */;
			productType = "com.apple.product-type.app-extension";
		};
		C4661A792E45ABC2006E02C6 /* HiCalendar */ = {
			isa = PBXNativeTarget;
			buildConfigurationList = C4661A9D2E45ABC5006E02C6 /* Build configuration list for PBXNativeTarget "HiCalendar" */;
			buildPhases = (
				C4661A762E45ABC2006E02C6 /* Sources */,
				C4661A772E45ABC2006E02C6 /* Frameworks */,
				C4661A782E45ABC2006E02C6 /* Resources */,
				C42918242E72D7C6004C1F25 /* Embed Foundation Extensions */,
			);
			buildRules = (
			);
			dependencies = (
				C42918222E72D7C6004C1F25 /* PBXTargetDependency */,
			);
			fileSystemSynchronizedGroups = (
				C4661A7C2E45ABC2006E02C6 /* HiCalendar */,
			);
			name = HiCalendar;
			packageProductDependencies = (
				C486A5F72E55D5E400E034A4 /* Auth */,
				C486A5F92E55D5E400E034A4 /* Functions */,
				C44802982E5DECCF001198CD /* Supabase */,
			);
			productName = HiCalendar;
			productReference = C4661A7A2E45ABC2006E02C6 /* HiCalendar.app */;
			productType = "com.apple.product-type.application";
		};
		C4661A882E45ABC5006E02C6 /* HiCalendarTests */ = {
			isa = PBXNativeTarget;
			buildConfigurationList = C4661AA02E45ABC5006E02C6 /* Build configuration list for PBXNativeTarget "HiCalendarTests" */;
			buildPhases = (
				C4661A852E45ABC5006E02C6 /* Sources */,
				C4661A862E45ABC5006E02C6 /* Frameworks */,
				C4661A872E45ABC5006E02C6 /* Resources */,
			);
			buildRules = (
			);
			dependencies = (
				C4661A8B2E45ABC5006E02C6 /* PBXTargetDependency */,
			);
			fileSystemSynchronizedGroups = (
				C4661A8C2E45ABC5006E02C6 /* HiCalendarTests */,
			);
			name = HiCalendarTests;
			packageProductDependencies = (
			);
			productName = HiCalendarTests;
			productReference = C4661A892E45ABC5006E02C6 /* HiCalendarTests.xctest */;
			productType = "com.apple.product-type.bundle.unit-test";
		};
		C4661A922E45ABC5006E02C6 /* HiCalendarUITests */ = {
			isa = PBXNativeTarget;
			buildConfigurationList = C4661AA32E45ABC5006E02C6 /* Build configuration list for PBXNativeTarget "HiCalendarUITests" */;
			buildPhases = (
				C4661A8F2E45ABC5006E02C6 /* Sources */,
				C4661A902E45ABC5006E02C6 /* Frameworks */,
				C4661A912E45ABC5006E02C6 /* Resources */,
			);
			buildRules = (
			);
			dependencies = (
				C4661A952E45ABC5006E02C6 /* PBXTargetDependency */,
			);
			fileSystemSynchronizedGroups = (
				C4661A962E45ABC5006E02C6 /* HiCalendarUITests */,
			);
			name = HiCalendarUITests;
			packageProductDependencies = (
			);
			productName = HiCalendarUITests;
			productReference = C4661A932E45ABC5006E02C6 /* HiCalendarUITests.xctest */;
			productType = "com.apple.product-type.bundle.ui-testing";
		};
/* End PBXNativeTarget section */

/* Begin PBXProject section */
		C4661A722E45ABC2006E02C6 /* Project object */ = {
			isa = PBXProject;
			attributes = {
				BuildIndependentTargetsInParallel = 1;
				LastSwiftUpdateCheck = 1640;
				LastUpgradeCheck = 1640;
				TargetAttributes = {
					C42918132E72D7C4004C1F25 = {
						CreatedOnToolsVersion = 16.4;
					};
					C4661A792E45ABC2006E02C6 = {
						CreatedOnToolsVersion = 16.4;
					};
					C4661A882E45ABC5006E02C6 = {
						CreatedOnToolsVersion = 16.4;
						TestTargetID = C4661A792E45ABC2006E02C6;
					};
					C4661A922E45ABC5006E02C6 = {
						CreatedOnToolsVersion = 16.4;
						TestTargetID = C4661A792E45ABC2006E02C6;
					};
				};
			};
			buildConfigurationList = C4661A752E45ABC2006E02C6 /* Build configuration list for PBXProject "HiCalendar" */;
			developmentRegion = en;
			hasScannedForEncodings = 0;
			knownRegions = (
				en,
				Base,
			);
			mainGroup = C4661A712E45ABC2006E02C6;
			minimizedProjectReferenceProxies = 1;
			packageReferences = (
				C486A5F62E55D5E400E034A4 /* XCRemoteSwiftPackageReference "supabase-swift" */,
			);
			preferredProjectObjectVersion = 77;
			productRefGroup = C4661A7B2E45ABC2006E02C6 /* Products */;
			projectDirPath = "";
			projectRoot = "";
			targets = (
				C4661A792E45ABC2006E02C6 /* HiCalendar */,
				C4661A882E45ABC5006E02C6 /* HiCalendarTests */,
				C4661A922E45ABC5006E02C6 /* HiCalendarUITests */,
				C42918132E72D7C4004C1F25 /* HiCalendarWidgetExtension */,
			);
		};
/* End PBXProject section */

/* Begin PBXResourcesBuildPhase section */
		C42918122E72D7C4004C1F25 /* Resources */ = {
			isa = PBXResourcesBuildPhase;
			buildActionMask = 2147483647;
			files = (
			);
			runOnlyForDeploymentPostprocessing = 0;
		};
		C4661A782E45ABC2006E02C6 /* Resources */ = {
			isa = PBXResourcesBuildPhase;
			buildActionMask = 2147483647;
			files = (
				C45833CA2E781A4800B44180 /* HiCalendar.storekit in Resources */,
			);
			runOnlyForDeploymentPostprocessing = 0;
		};
		C4661A872E45ABC5006E02C6 /* Resources */ = {
			isa = PBXResourcesBuildPhase;
			buildActionMask = 2147483647;
			files = (
			);
			runOnlyForDeploymentPostprocessing = 0;
		};
		C4661A912E45ABC5006E02C6 /* Resources */ = {
			isa = PBXResourcesBuildPhase;
			buildActionMask = 2147483647;
			files = (
			);
			runOnlyForDeploymentPostprocessing = 0;
		};
/* End PBXResourcesBuildPhase section */

/* Begin PBXSourcesBuildPhase section */
		C42918102E72D7C4004C1F25 /* Sources */ = {
			isa = PBXSourcesBuildPhase;
			buildActionMask = 2147483647;
			files = (
			);
			runOnlyForDeploymentPostprocessing = 0;
		};
		C4661A762E45ABC2006E02C6 /* Sources */ = {
			isa = PBXSourcesBuildPhase;
			buildActionMask = 2147483647;
			files = (
			);
			runOnlyForDeploymentPostprocessing = 0;
		};
		C4661A852E45ABC5006E02C6 /* Sources */ = {
			isa = PBXSourcesBuildPhase;
			buildActionMask = 2147483647;
			files = (
			);
			runOnlyForDeploymentPostprocessing = 0;
		};
		C4661A8F2E45ABC5006E02C6 /* Sources */ = {
			isa = PBXSourcesBuildPhase;
			buildActionMask = 2147483647;
			files = (
			);
			runOnlyForDeploymentPostprocessing = 0;
		};
/* End PBXSourcesBuildPhase section */

/* Begin PBXTargetDependency section */
		C42918222E72D7C6004C1F25 /* PBXTargetDependency */ = {
			isa = PBXTargetDependency;
			target = C42918132E72D7C4004C1F25 /* HiCalendarWidgetExtension */;
			targetProxy = C42918212E72D7C6004C1F25 /* PBXContainerItemProxy */;
		};
		C4661A8B2E45ABC5006E02C6 /* PBXTargetDependency */ = {
			isa = PBXTargetDependency;
			target = C4661A792E45ABC2006E02C6 /* HiCalendar */;
			targetProxy = C4661A8A2E45ABC5006E02C6 /* PBXContainerItemProxy */;
		};
		C4661A952E45ABC5006E02C6 /* PBXTargetDependency */ = {
			isa = PBXTargetDependency;
			target = C4661A792E45ABC2006E02C6 /* HiCalendar */;
			targetProxy = C4661A942E45ABC5006E02C6 /* PBXContainerItemProxy */;
		};
/* End PBXTargetDependency section */

/* Begin XCBuildConfiguration section */
		C42918252E72D7C6004C1F25 /* Debug */ = {
			isa = XCBuildConfiguration;
			buildSettings = {
				ASSETCATALOG_COMPILER_GLOBAL_ACCENT_COLOR_NAME = AccentColor;
				ASSETCATALOG_COMPILER_WIDGET_BACKGROUND_COLOR_NAME = WidgetBackground;
				CODE_SIGN_ENTITLEMENTS = HiCalendarWidgetExtension.entitlements;
				CODE_SIGN_STYLE = Automatic;
				CURRENT_PROJECT_VERSION = 1;
				DEVELOPMENT_TEAM = G8Q7A2K656;
				GENERATE_INFOPLIST_FILE = YES;
				INFOPLIST_FILE = HiCalendarWidget/Info.plist;
				INFOPLIST_KEY_CFBundleDisplayName = HiCalendarWidget;
				INFOPLIST_KEY_NSHumanReadableCopyright = "";
				LD_RUNPATH_SEARCH_PATHS = (
					"$(inherited)",
					"@executable_path/Frameworks",
					"@executable_path/../../Frameworks",
				);
				MARKETING_VERSION = 1.0;
				PRODUCT_BUNDLE_IDENTIFIER = com.chenzhencong.HiCalendar.HiCalendarWidget;
				PRODUCT_NAME = "$(TARGET_NAME)";
				SKIP_INSTALL = YES;
				SWIFT_EMIT_LOC_STRINGS = YES;
				SWIFT_VERSION = 5.0;
				TARGETED_DEVICE_FAMILY = "1,2";
			};
			name = Debug;
		};
		C42918262E72D7C6004C1F25 /* Release */ = {
			isa = XCBuildConfiguration;
			buildSettings = {
				ASSETCATALOG_COMPILER_GLOBAL_ACCENT_COLOR_NAME = AccentColor;
				ASSETCATALOG_COMPILER_WIDGET_BACKGROUND_COLOR_NAME = WidgetBackground;
				CODE_SIGN_ENTITLEMENTS = HiCalendarWidgetExtension.entitlements;
				CODE_SIGN_STYLE = Automatic;
				CURRENT_PROJECT_VERSION = 1;
				DEVELOPMENT_TEAM = G8Q7A2K656;
				GENERATE_INFOPLIST_FILE = YES;
				INFOPLIST_FILE = HiCalendarWidget/Info.plist;
				INFOPLIST_KEY_CFBundleDisplayName = HiCalendarWidget;
				INFOPLIST_KEY_NSHumanReadableCopyright = "";
				LD_RUNPATH_SEARCH_PATHS = (
					"$(inherited)",
					"@executable_path/Frameworks",
					"@executable_path/../../Frameworks",
				);
				MARKETING_VERSION = 1.0;
				PRODUCT_BUNDLE_IDENTIFIER = com.chenzhencong.HiCalendar.HiCalendarWidget;
				PRODUCT_NAME = "$(TARGET_NAME)";
				SKIP_INSTALL = YES;
				SWIFT_EMIT_LOC_STRINGS = YES;
				SWIFT_VERSION = 5.0;
				TARGETED_DEVICE_FAMILY = "1,2";
			};
			name = Release;
		};
		C4661A9B2E45ABC5006E02C6 /* Debug */ = {
			isa = XCBuildConfiguration;
			buildSettings = {
				ALWAYS_SEARCH_USER_PATHS = NO;
				ASSETCATALOG_COMPILER_GENERATE_SWIFT_ASSET_SYMBOL_EXTENSIONS = YES;
				CLANG_ANALYZER_NONNULL = YES;
				CLANG_ANALYZER_NUMBER_OBJECT_CONVERSION = YES_AGGRESSIVE;
				CLANG_CXX_LANGUAGE_STANDARD = "gnu++20";
				CLANG_ENABLE_MODULES = YES;
				CLANG_ENABLE_OBJC_ARC = YES;
				CLANG_ENABLE_OBJC_WEAK = YES;
				CLANG_WARN_BLOCK_CAPTURE_AUTORELEASING = YES;
				CLANG_WARN_BOOL_CONVERSION = YES;
				CLANG_WARN_COMMA = YES;
				CLANG_WARN_CONSTANT_CONVERSION = YES;
				CLANG_WARN_DEPRECATED_OBJC_IMPLEMENTATIONS = YES;
				CLANG_WARN_DIRECT_OBJC_ISA_USAGE = YES_ERROR;
				CLANG_WARN_DOCUMENTATION_COMMENTS = YES;
				CLANG_WARN_EMPTY_BODY = YES;
				CLANG_WARN_ENUM_CONVERSION = YES;
				CLANG_WARN_INFINITE_RECURSION = YES;
				CLANG_WARN_INT_CONVERSION = YES;
				CLANG_WARN_NON_LITERAL_NULL_CONVERSION = YES;
				CLANG_WARN_OBJC_IMPLICIT_RETAIN_SELF = YES;
				CLANG_WARN_OBJC_LITERAL_CONVERSION = YES;
				CLANG_WARN_OBJC_ROOT_CLASS = YES_ERROR;
				CLANG_WARN_QUOTED_INCLUDE_IN_FRAMEWORK_HEADER = YES;
				CLANG_WARN_RANGE_LOOP_ANALYSIS = YES;
				CLANG_WARN_STRICT_PROTOTYPES = YES;
				CLANG_WARN_SUSPICIOUS_MOVE = YES;
				CLANG_WARN_UNGUARDED_AVAILABILITY = YES_AGGRESSIVE;
				CLANG_WARN_UNREACHABLE_CODE = YES;
				CLANG_WARN__DUPLICATE_METHOD_MATCH = YES;
				COPY_PHASE_STRIP = NO;
				DEBUG_INFORMATION_FORMAT = dwarf;
				DEVELOPMENT_TEAM = G8Q7A2K656;
				ENABLE_STRICT_OBJC_MSGSEND = YES;
				ENABLE_TESTABILITY = YES;
				ENABLE_USER_SCRIPT_SANDBOXING = YES;
				GCC_C_LANGUAGE_STANDARD = gnu17;
				GCC_DYNAMIC_NO_PIC = NO;
				GCC_NO_COMMON_BLOCKS = YES;
				GCC_OPTIMIZATION_LEVEL = 0;
				GCC_PREPROCESSOR_DEFINITIONS = (
					"DEBUG=1",
					"$(inherited)",
				);
				GCC_WARN_64_TO_32_BIT_CONVERSION = YES;
				GCC_WARN_ABOUT_RETURN_TYPE = YES_ERROR;
				GCC_WARN_UNDECLARED_SELECTOR = YES;
				GCC_WARN_UNINITIALIZED_AUTOS = YES_AGGRESSIVE;
				GCC_WARN_UNUSED_FUNCTION = YES;
				GCC_WARN_UNUSED_VARIABLE = YES;
				IPHONEOS_DEPLOYMENT_TARGET = 18.5;
				LOCALIZATION_PREFERS_STRING_CATALOGS = YES;
				MTL_ENABLE_DEBUG_INFO = INCLUDE_SOURCE;
				MTL_FAST_MATH = YES;
				ONLY_ACTIVE_ARCH = YES;
				SDKROOT = iphoneos;
				SWIFT_ACTIVE_COMPILATION_CONDITIONS = "DEBUG $(inherited)";
				SWIFT_OPTIMIZATION_LEVEL = "-Onone";
			};
			name = Debug;
		};
		C4661A9C2E45ABC5006E02C6 /* Release */ = {
			isa = XCBuildConfiguration;
			buildSettings = {
				ALWAYS_SEARCH_USER_PATHS = NO;
				ASSETCATALOG_COMPILER_GENERATE_SWIFT_ASSET_SYMBOL_EXTENSIONS = YES;
				CLANG_ANALYZER_NONNULL = YES;
				CLANG_ANALYZER_NUMBER_OBJECT_CONVERSION = YES_AGGRESSIVE;
				CLANG_CXX_LANGUAGE_STANDARD = "gnu++20";
				CLANG_ENABLE_MODULES = YES;
				CLANG_ENABLE_OBJC_ARC = YES;
				CLANG_ENABLE_OBJC_WEAK = YES;
				CLANG_WARN_BLOCK_CAPTURE_AUTORELEASING = YES;
				CLANG_WARN_BOOL_CONVERSION = YES;
				CLANG_WARN_COMMA = YES;
				CLANG_WARN_CONSTANT_CONVERSION = YES;
				CLANG_WARN_DEPRECATED_OBJC_IMPLEMENTATIONS = YES;
				CLANG_WARN_DIRECT_OBJC_ISA_USAGE = YES_ERROR;
				CLANG_WARN_DOCUMENTATION_COMMENTS = YES;
				CLANG_WARN_EMPTY_BODY = YES;
				CLANG_WARN_ENUM_CONVERSION = YES;
				CLANG_WARN_INFINITE_RECURSION = YES;
				CLANG_WARN_INT_CONVERSION = YES;
				CLANG_WARN_NON_LITERAL_NULL_CONVERSION = YES;
				CLANG_WARN_OBJC_IMPLICIT_RETAIN_SELF = YES;
				CLANG_WARN_OBJC_LITERAL_CONVERSION = YES;
				CLANG_WARN_OBJC_ROOT_CLASS = YES_ERROR;
				CLANG_WARN_QUOTED_INCLUDE_IN_FRAMEWORK_HEADER = YES;
				CLANG_WARN_RANGE_LOOP_ANALYSIS = YES;
				CLANG_WARN_STRICT_PROTOTYPES = YES;
				CLANG_WARN_SUSPICIOUS_MOVE = YES;
				CLANG_WARN_UNGUARDED_AVAILABILITY = YES_AGGRESSIVE;
				CLANG_WARN_UNREACHABLE_CODE = YES;
				CLANG_WARN__DUPLICATE_METHOD_MATCH = YES;
				COPY_PHASE_STRIP = NO;
				DEBUG_INFORMATION_FORMAT = "dwarf-with-dsym";
				DEVELOPMENT_TEAM = G8Q7A2K656;
				ENABLE_NS_ASSERTIONS = NO;
				ENABLE_STRICT_OBJC_MSGSEND = YES;
				ENABLE_USER_SCRIPT_SANDBOXING = YES;
				GCC_C_LANGUAGE_STANDARD = gnu17;
				GCC_NO_COMMON_BLOCKS = YES;
				GCC_WARN_64_TO_32_BIT_CONVERSION = YES;
				GCC_WARN_ABOUT_RETURN_TYPE = YES_ERROR;
				GCC_WARN_UNDECLARED_SELECTOR = YES;
				GCC_WARN_UNINITIALIZED_AUTOS = YES_AGGRESSIVE;
				GCC_WARN_UNUSED_FUNCTION = YES;
				GCC_WARN_UNUSED_VARIABLE = YES;
				IPHONEOS_DEPLOYMENT_TARGET = 18.5;
				LOCALIZATION_PREFERS_STRING_CATALOGS = YES;
				MTL_ENABLE_DEBUG_INFO = NO;
				MTL_FAST_MATH = YES;
				SDKROOT = iphoneos;
				SWIFT_COMPILATION_MODE = wholemodule;
				VALIDATE_PRODUCT = YES;
			};
			name = Release;
		};
		C4661A9E2E45ABC5006E02C6 /* Debug */ = {
			isa = XCBuildConfiguration;
			buildSettings = {
				ASSETCATALOG_COMPILER_APPICON_NAME = AppIcon;
				ASSETCATALOG_COMPILER_GLOBAL_ACCENT_COLOR_NAME = AccentColor;
				CODE_SIGN_ENTITLEMENTS = HiCalendar/HiCalendar.entitlements;
				CODE_SIGN_STYLE = Automatic;
				CURRENT_PROJECT_VERSION = 1;
				DEVELOPMENT_TEAM = G8Q7A2K656;
				ENABLE_PREVIEWS = YES;
				GENERATE_INFOPLIST_FILE = YES;
				INFOPLIST_KEY_NSMicrophoneUsageDescription = "HiCalendar需要访问麦克风以实现语音输入创建事项功能";
				INFOPLIST_KEY_NSSpeechRecognitionUsageDescription = "：HiCalendar需要使用语音识别功能将您的语音转换为文字，以便快速创建和查询日程安排";
				INFOPLIST_KEY_UIApplicationSceneManifest_Generation = YES;
				INFOPLIST_KEY_UIApplicationSupportsIndirectInputEvents = YES;
				INFOPLIST_KEY_UILaunchScreen_Generation = YES;
				INFOPLIST_KEY_UISupportedInterfaceOrientations_iPad = "UIInterfaceOrientationPortrait UIInterfaceOrientationPortraitUpsideDown UIInterfaceOrientationLandscapeLeft UIInterfaceOrientationLandscapeRight";
				INFOPLIST_KEY_UISupportedInterfaceOrientations_iPhone = "UIInterfaceOrientationPortrait UIInterfaceOrientationLandscapeLeft UIInterfaceOrientationLandscapeRight";
				IPHONEOS_DEPLOYMENT_TARGET = 17;
				LD_RUNPATH_SEARCH_PATHS = (
					"$(inherited)",
					"@executable_path/Frameworks",
				);
				MARKETING_VERSION = 1.0;
				PRODUCT_BUNDLE_IDENTIFIER = com.chenzhencong.HiCalendar;
				PRODUCT_NAME = "$(TARGET_NAME)";
				SWIFT_EMIT_LOC_STRINGS = YES;
				SWIFT_VERSION = 5.0;
				TARGETED_DEVICE_FAMILY = "1,2";
			};
			name = Debug;
		};
		C4661A9F2E45ABC5006E02C6 /* Release */ = {
			isa = XCBuildConfiguration;
			buildSettings = {
				ASSETCATALOG_COMPILER_APPICON_NAME = AppIcon;
				ASSETCATALOG_COMPILER_GLOBAL_ACCENT_COLOR_NAME = AccentColor;
				CODE_SIGN_ENTITLEMENTS = HiCalendar/HiCalendar.entitlements;
				CODE_SIGN_STYLE = Automatic;
				CURRENT_PROJECT_VERSION = 1;
				DEVELOPMENT_TEAM = G8Q7A2K656;
				ENABLE_PREVIEWS = YES;
				GENERATE_INFOPLIST_FILE = YES;
				INFOPLIST_KEY_NSMicrophoneUsageDescription = "HiCalendar需要访问麦克风以实现语音输入创建事项功能";
				INFOPLIST_KEY_NSSpeechRecognitionUsageDescription = "：HiCalendar需要使用语音识别功能将您的语音转换为文字，以便快速创建和查询日程安排";
				INFOPLIST_KEY_UIApplicationSceneManifest_Generation = YES;
				INFOPLIST_KEY_UIApplicationSupportsIndirectInputEvents = YES;
				INFOPLIST_KEY_UILaunchScreen_Generation = YES;
				INFOPLIST_KEY_UISupportedInterfaceOrientations_iPad = "UIInterfaceOrientationPortrait UIInterfaceOrientationPortraitUpsideDown UIInterfaceOrientationLandscapeLeft UIInterfaceOrientationLandscapeRight";
				INFOPLIST_KEY_UISupportedInterfaceOrientations_iPhone = "UIInterfaceOrientationPortrait UIInterfaceOrientationLandscapeLeft UIInterfaceOrientationLandscapeRight";
				IPHONEOS_DEPLOYMENT_TARGET = 17;
				LD_RUNPATH_SEARCH_PATHS = (
					"$(inherited)",
					"@executable_path/Frameworks",
				);
				MARKETING_VERSION = 1.0;
				PRODUCT_BUNDLE_IDENTIFIER = com.chenzhencong.HiCalendar;
				PRODUCT_NAME = "$(TARGET_NAME)";
				SWIFT_EMIT_LOC_STRINGS = YES;
				SWIFT_VERSION = 5.0;
				TARGETED_DEVICE_FAMILY = "1,2";
			};
			name = Release;
		};
		C4661AA12E45ABC5006E02C6 /* Debug */ = {
			isa = XCBuildConfiguration;
			buildSettings = {
				BUNDLE_LOADER = "$(TEST_HOST)";
				CODE_SIGN_STYLE = Automatic;
				CURRENT_PROJECT_VERSION = 1;
				DEVELOPMENT_TEAM = G8Q7A2K656;
				GENERATE_INFOPLIST_FILE = YES;
				IPHONEOS_DEPLOYMENT_TARGET = 18.5;
				MARKETING_VERSION = 1.0;
				PRODUCT_BUNDLE_IDENTIFIER = com.example.HiCalendarTests;
				PRODUCT_NAME = "$(TARGET_NAME)";
				SWIFT_EMIT_LOC_STRINGS = NO;
				SWIFT_VERSION = 5.0;
				TARGETED_DEVICE_FAMILY = "1,2";
				TEST_HOST = "$(BUILT_PRODUCTS_DIR)/HiCalendar.app/$(BUNDLE_EXECUTABLE_FOLDER_PATH)/HiCalendar";
			};
			name = Debug;
		};
		C4661AA22E45ABC5006E02C6 /* Release */ = {
			isa = XCBuildConfiguration;
			buildSettings = {
				BUNDLE_LOADER = "$(TEST_HOST)";
				CODE_SIGN_STYLE = Automatic;
				CURRENT_PROJECT_VERSION = 1;
				DEVELOPMENT_TEAM = G8Q7A2K656;
				GENERATE_INFOPLIST_FILE = YES;
				IPHONEOS_DEPLOYMENT_TARGET = 18.5;
				MARKETING_VERSION = 1.0;
				PRODUCT_BUNDLE_IDENTIFIER = com.example.HiCalendarTests;
				PRODUCT_NAME = "$(TARGET_NAME)";
				SWIFT_EMIT_LOC_STRINGS = NO;
				SWIFT_VERSION = 5.0;
				TARGETED_DEVICE_FAMILY = "1,2";
				TEST_HOST = "$(BUILT_PRODUCTS_DIR)/HiCalendar.app/$(BUNDLE_EXECUTABLE_FOLDER_PATH)/HiCalendar";
			};
			name = Release;
		};
		C4661AA42E45ABC5006E02C6 /* Debug */ = {
			isa = XCBuildConfiguration;
			buildSettings = {
				CODE_SIGN_STYLE = Automatic;
				CURRENT_PROJECT_VERSION = 1;
				DEVELOPMENT_TEAM = G8Q7A2K656;
				GENERATE_INFOPLIST_FILE = YES;
				MARKETING_VERSION = 1.0;
				PRODUCT_BUNDLE_IDENTIFIER = com.example.HiCalendarUITests;
				PRODUCT_NAME = "$(TARGET_NAME)";
				SWIFT_EMIT_LOC_STRINGS = NO;
				SWIFT_VERSION = 5.0;
				TARGETED_DEVICE_FAMILY = "1,2";
				TEST_TARGET_NAME = HiCalendar;
			};
			name = Debug;
		};
		C4661AA52E45ABC5006E02C6 /* Release */ = {
			isa = XCBuildConfiguration;
			buildSettings = {
				CODE_SIGN_STYLE = Automatic;
				CURRENT_PROJECT_VERSION = 1;
				DEVELOPMENT_TEAM = G8Q7A2K656;
				GENERATE_INFOPLIST_FILE = YES;
				MARKETING_VERSION = 1.0;
				PRODUCT_BUNDLE_IDENTIFIER = com.example.HiCalendarUITests;
				PRODUCT_NAME = "$(TARGET_NAME)";
				SWIFT_EMIT_LOC_STRINGS = NO;
				SWIFT_VERSION = 5.0;
				TARGETED_DEVICE_FAMILY = "1,2";
				TEST_TARGET_NAME = HiCalendar;
			};
			name = Release;
		};
/* End XCBuildConfiguration section */

/* Begin XCConfigurationList section */
		C42918282E72D7C6004C1F25 /* Build configuration list for PBXNativeTarget "HiCalendarWidgetExtension" */ = {
			isa = XCConfigurationList;
			buildConfigurations = (
				C42918252E72D7C6004C1F25 /* Debug */,
				C42918262E72D7C6004C1F25 /* Release */,
			);
			defaultConfigurationIsVisible = 0;
			defaultConfigurationName = Release;
		};
		C4661A752E45ABC2006E02C6 /* Build configuration list for PBXProject "HiCalendar" */ = {
			isa = XCConfigurationList;
			buildConfigurations = (
				C4661A9B2E45ABC5006E02C6 /* Debug */,
				C4661A9C2E45ABC5006E02C6 /* Release */,
			);
			defaultConfigurationIsVisible = 0;
			defaultConfigurationName = Release;
		};
		C4661A9D2E45ABC5006E02C6 /* Build configuration list for PBXNativeTarget "HiCalendar" */ = {
			isa = XCConfigurationList;
			buildConfigurations = (
				C4661A9E2E45ABC5006E02C6 /* Debug */,
				C4661A9F2E45ABC5006E02C6 /* Release */,
			);
			defaultConfigurationIsVisible = 0;
			defaultConfigurationName = Release;
		};
		C4661AA02E45ABC5006E02C6 /* Build configuration list for PBXNativeTarget "HiCalendarTests" */ = {
			isa = XCConfigurationList;
			buildConfigurations = (
				C4661AA12E45ABC5006E02C6 /* Debug */,
				C4661AA22E45ABC5006E02C6 /* Release */,
			);
			defaultConfigurationIsVisible = 0;
			defaultConfigurationName = Release;
		};
		C4661AA32E45ABC5006E02C6 /* Build configuration list for PBXNativeTarget "HiCalendarUITests" */ = {
			isa = XCConfigurationList;
			buildConfigurations = (
				C4661AA42E45ABC5006E02C6 /* Debug */,
				C4661AA52E45ABC5006E02C6 /* Release */,
			);
			defaultConfigurationIsVisible = 0;
			defaultConfigurationName = Release;
		};
/* End XCConfigurationList section */

/* Begin XCRemoteSwiftPackageReference section */
		C486A5F62E55D5E400E034A4 /* XCRemoteSwiftPackageReference "supabase-swift" */ = {
			isa = XCRemoteSwiftPackageReference;
			repositoryURL = "https://github.com/supabase/supabase-swift";
			requirement = {
				kind = upToNextMajorVersion;
				minimumVersion = 2.5.1;
			};
		};
/* End XCRemoteSwiftPackageReference section */

/* Begin XCSwiftPackageProductDependency section */
		C44802982E5DECCF001198CD /* Supabase */ = {
			isa = XCSwiftPackageProductDependency;
			package = C486A5F62E55D5E400E034A4 /* XCRemoteSwiftPackageReference "supabase-swift" */;
			productName = Supabase;
		};
		C486A5F72E55D5E400E034A4 /* Auth */ = {
			isa = XCSwiftPackageProductDependency;
			package = C486A5F62E55D5E400E034A4 /* XCRemoteSwiftPackageReference "supabase-swift" */;
			productName = Auth;
		};
		C486A5F92E55D5E400E034A4 /* Functions */ = {
			isa = XCSwiftPackageProductDependency;
			package = C486A5F62E55D5E400E034A4 /* XCRemoteSwiftPackageReference "supabase-swift" */;
			productName = Functions;
		};
/* End XCSwiftPackageProductDependency section */
	};
	rootObject = C4661A722E45ABC2006E02C6 /* Project object */;
}
